
Microsoft Visual Studio Solution File, Format Version 12.00
# Visual Studio Version 17
VisualStudioVersion = 17.4.33110.190
MinimumVisualStudioVersion = 10.0.40219.1
Project("{FAE04EC0-301F-11D3-BF4B-00C04F79EFBC}") = "AlbionMarket.Worker", "AlbionMarket.Worker\AlbionMarket.Worker.csproj", "{9AEE689D-B299-444A-8D36-EC453B1D3FC4}"
EndProject
Project("{FAE04EC0-301F-11D3-BF4B-00C04F79EFBC}") = "AlbionMarket.Services", "AlbionMarket.Services\AlbionMarket.Services.csproj", "{A3850537-D32B-4B7D-AC5E-3B4BE049D1F2}"
EndProject
Project("{FAE04EC0-301F-11D3-BF4B-00C04F79EFBC}") = "AlbionMarket.Core", "AlbionMarket.Core\AlbionMarket.Core.csproj", "{F9599A2A-F3EB-40AA-A879-067BDFA08B34}"
EndProject
Global
	GlobalSection(SolutionConfigurationPlatforms) = preSolution
		Debug|Any CPU = Debug|Any CPU
		Release|Any CPU = Release|Any CPU
	EndGlobalSection
	GlobalSection(ProjectConfigurationPlatforms) = postSolution
		{9AEE689D-B299-444A-8D36-EC453B1D3FC4}.Debug|Any CPU.ActiveCfg = Debug|Any CPU
		{9AEE689D-B299-444A-8D36-EC453B1D3FC4}.Debug|Any CPU.Build.0 = Debug|Any CPU
		{9AEE689D-B299-444A-8D36-EC453B1D3FC4}.Release|Any CPU.ActiveCfg = Release|Any CPU
		{9AEE689D-B299-444A-8D36-EC453B1D3FC4}.Release|Any CPU.Build.0 = Release|Any CPU
		{A3850537-D32B-4B7D-AC5E-3B4BE049D1F2}.Debug|Any CPU.ActiveCfg = Debug|Any CPU
		{A3850537-D32B-4B7D-AC5E-3B4BE049D1F2}.Debug|Any CPU.Build.0 = Debug|Any CPU
		{A3850537-D32B-4B7D-AC5E-3B4BE049D1F2}.Release|Any CPU.ActiveCfg = Release|Any CPU
		{A3850537-D32B-4B7D-AC5E-3B4BE049D1F2}.Release|Any CPU.Build.0 = Release|Any CPU
		{F9599A2A-F3EB-40AA-A879-067BDFA08B34}.Debug|Any CPU.ActiveCfg = Debug|Any CPU
		{F9599A2A-F3EB-40AA-A879-067BDFA08B34}.Debug|Any CPU.Build.0 = Debug|Any CPU
		{F9599A2A-F3EB-40AA-A879-067BDFA08B34}.Release|Any CPU.ActiveCfg = Release|Any CPU
		{F9599A2A-F3EB-40AA-A879-067BDFA08B34}.Release|Any CPU.Build.0 = Release|Any CPU
	EndGlobalSection
	GlobalSection(SolutionProperties) = preSolution
		HideSolutionNode = FALSE
	EndGlobalSection
	GlobalSection(ExtensibilityGlobals) = postSolution
		SolutionGuid = {9F682DB6-70DE-437A-A1EE-8CCBBCEC64C3}
	EndGlobalSection
EndGlobal
